// !$*UTF8*$!
{
	archiveVersion = 1;
	classes = {
	};
	objectVersion = 56;
	objects = {

/* Begin PBXBuildFile section */
		5256AFCE2B73A240007F6E0C /* AppDelegate.swift in Sources */ = {isa = PBXBuildFile; fileRef = 5256AFCD2B73A240007F6E0C /* AppDelegate.swift */; };
		5256AFD82B73A240007F6E0C /* RegisterLesson.xcdatamodeld in Sources */ = {isa = PBXBuildFile; fileRef = 5256AFD62B73A240007F6E0C /* RegisterLesson.xcdatamodeld */; };
		5256AFDA2B73A241007F6E0C /* Assets.xcassets in Resources */ = {isa = PBXBuildFile; fileRef = 5256AFD92B73A241007F6E0C /* Assets.xcassets */; };
		5256AFDD2B73A241007F6E0C /* LaunchScreen.storyboard in Resources */ = {isa = PBXBuildFile; fileRef = 5256AFDB2B73A241007F6E0C /* LaunchScreen.storyboard */; };
		5256AFE52B73A3BF007F6E0C /* DenemeViewController.swift in Sources */ = {isa = PBXBuildFile; fileRef = 5256AFE42B73A3BF007F6E0C /* DenemeViewController.swift */; };
		5256AFED2B73A5DE007F6E0C /* Constants.swift in Sources */ = {isa = PBXBuildFile; fileRef = 5256AFEC2B73A5DE007F6E0C /* Constants.swift */; };
		5256AFF12B73BFD9007F6E0C /* OnboardingVC.swift in Sources */ = {isa = PBXBuildFile; fileRef = 5256AFF02B73BFD9007F6E0C /* OnboardingVC.swift */; };
		5256AFF32B73BFE6007F6E0C /* OnboardingView.swift in Sources */ = {isa = PBXBuildFile; fileRef = 5256AFF22B73BFE6007F6E0C /* OnboardingView.swift */; };
		5281A0FB2B73F06A005B42F2 /* SignInView.swift in Sources */ = {isa = PBXBuildFile; fileRef = 5281A0FA2B73F06A005B42F2 /* SignInView.swift */; };
		5281A0FD2B73F075005B42F2 /* SignInVC.swift in Sources */ = {isa = PBXBuildFile; fileRef = 5281A0FC2B73F075005B42F2 /* SignInVC.swift */; };
		5281A0FF2B73F0AC005B42F2 /* SignUpVC.swift in Sources */ = {isa = PBXBuildFile; fileRef = 5281A0FE2B73F0AC005B42F2 /* SignUpVC.swift */; };
		5281A1012B73F0B8005B42F2 /* SignUpView.swift in Sources */ = {isa = PBXBuildFile; fileRef = 5281A1002B73F0B8005B42F2 /* SignUpView.swift */; };
		5281A1032B73F0EC005B42F2 /* ForgotPasswordView.swift in Sources */ = {isa = PBXBuildFile; fileRef = 5281A1022B73F0EC005B42F2 /* ForgotPasswordView.swift */; };
		5281A1052B73F0F9005B42F2 /* ForgotPasswordVC.swift in Sources */ = {isa = PBXBuildFile; fileRef = 5281A1042B73F0F9005B42F2 /* ForgotPasswordVC.swift */; };
		5281A1092B74B19E005B42F2 /* CustomComponents.swift in Sources */ = {isa = PBXBuildFile; fileRef = 5281A1082B74B19E005B42F2 /* CustomComponents.swift */; };
/* End PBXBuildFile section */

/* Begin PBXFileReference section */
		5256AFCA2B73A240007F6E0C /* RegisterLesson.app */ = {isa = PBXFileReference; explicitFileType = wrapper.application; includeInIndex = 0; path = RegisterLesson.app; sourceTree = BUILT_PRODUCTS_DIR; };
		5256AFCD2B73A240007F6E0C /* AppDelegate.swift */ = {isa = PBXFileReference; lastKnownFileType = sourcecode.swift; path = AppDelegate.swift; sourceTree = "<group>"; };
		5256AFD72B73A240007F6E0C /* RegisterLesson.xcdatamodel */ = {isa = PBXFileReference; lastKnownFileType = wrapper.xcdatamodel; path = RegisterLesson.xcdatamodel; sourceTree = "<group>"; };
		5256AFD92B73A241007F6E0C /* Assets.xcassets */ = {isa = PBXFileReference; lastKnownFileType = folder.assetcatalog; path = Assets.xcassets; sourceTree = "<group>"; };
		5256AFDC2B73A241007F6E0C /* Base */ = {isa = PBXFileReference; lastKnownFileType = file.storyboard; name = Base; path = Base.lproj/LaunchScreen.storyboard; sourceTree = "<group>"; };
		5256AFDE2B73A241007F6E0C /* Info.plist */ = {isa = PBXFileReference; lastKnownFileType = text.plist.xml; path = Info.plist; sourceTree = "<group>"; };
		5256AFE42B73A3BF007F6E0C /* DenemeViewController.swift */ = {isa = PBXFileReference; lastKnownFileType = sourcecode.swift; path = DenemeViewController.swift; sourceTree = "<group>"; };
		5256AFE72B73A4C1007F6E0C /* OpenSans-SemiBoldItalic.ttf */ = {isa = PBXFileReference; lastKnownFileType = file; path = "OpenSans-SemiBoldItalic.ttf"; sourceTree = "<group>"; };
		5256AFE82B73A4DB007F6E0C /* OpenSans-Light.ttf */ = {isa = PBXFileReference; lastKnownFileType = file; path = "OpenSans-Light.ttf"; sourceTree = "<group>"; };
		5256AFEA2B73A528007F6E0C /* OpenSans-Italic.ttf */ = {isa = PBXFileReference; lastKnownFileType = file; path = "OpenSans-Italic.ttf"; sourceTree = "<group>"; };
		5256AFEC2B73A5DE007F6E0C /* Constants.swift */ = {isa = PBXFileReference; lastKnownFileType = sourcecode.swift; path = Constants.swift; sourceTree = "<group>"; };
		5256AFF02B73BFD9007F6E0C /* OnboardingVC.swift */ = {isa = PBXFileReference; lastKnownFileType = sourcecode.swift; path = OnboardingVC.swift; sourceTree = "<group>"; };
		5256AFF22B73BFE6007F6E0C /* OnboardingView.swift */ = {isa = PBXFileReference; lastKnownFileType = sourcecode.swift; path = OnboardingView.swift; sourceTree = "<group>"; };
		5281A0FA2B73F06A005B42F2 /* SignInView.swift */ = {isa = PBXFileReference; lastKnownFileType = sourcecode.swift; path = SignInView.swift; sourceTree = "<group>"; };
		5281A0FC2B73F075005B42F2 /* SignInVC.swift */ = {isa = PBXFileReference; lastKnownFileType = sourcecode.swift; path = SignInVC.swift; sourceTree = "<group>"; };
		5281A0FE2B73F0AC005B42F2 /* SignUpVC.swift */ = {isa = PBXFileReference; lastKnownFileType = sourcecode.swift; path = SignUpVC.swift; sourceTree = "<group>"; };
		5281A1002B73F0B8005B42F2 /* SignUpView.swift */ = {isa = PBXFileReference; lastKnownFileType = sourcecode.swift; path = SignUpView.swift; sourceTree = "<group>"; };
		5281A1022B73F0EC005B42F2 /* ForgotPasswordView.swift */ = {isa = PBXFileReference; lastKnownFileType = sourcecode.swift; path = ForgotPasswordView.swift; sourceTree = "<group>"; };
		5281A1042B73F0F9005B42F2 /* ForgotPasswordVC.swift */ = {isa = PBXFileReference; lastKnownFileType = sourcecode.swift; path = ForgotPasswordVC.swift; sourceTree = "<group>"; };
		5281A1062B73F93E005B42F2 /* OpenSans-BoldItalic.ttf */ = {isa = PBXFileReference; lastKnownFileType = file; path = "OpenSans-BoldItalic.ttf"; sourceTree = "<group>"; };
		5281A1082B74B19E005B42F2 /* CustomComponents.swift */ = {isa = PBXFileReference; lastKnownFileType = sourcecode.swift; path = CustomComponents.swift; sourceTree = "<group>"; };
/* End PBXFileReference section */

/* Begin PBXFrameworksBuildPhase section */
		5256AFC72B73A240007F6E0C /* Frameworks */ = {
			isa = PBXFrameworksBuildPhase;
			buildActionMask = 2147483647;
			files = (
			);
			runOnlyForDeploymentPostprocessing = 0;
		};
/* End PBXFrameworksBuildPhase section */

/* Begin PBXGroup section */
		5256AFC12B73A240007F6E0C = {
			isa = PBXGroup;
			children = (
				5256AFCC2B73A240007F6E0C /* RegisterLesson */,
				5256AFCB2B73A240007F6E0C /* Products */,
			);
			sourceTree = "<group>";
		};
		5256AFCB2B73A240007F6E0C /* Products */ = {
			isa = PBXGroup;
			children = (
				5256AFCA2B73A240007F6E0C /* RegisterLesson.app */,
			);
			name = Products;
			sourceTree = "<group>";
		};
		5256AFCC2B73A240007F6E0C /* RegisterLesson */ = {
			isa = PBXGroup;
			children = (
				5281A1072B74B18E005B42F2 /* CustomComponents */,
				5256AFEE2B73BFC2007F6E0C /* Features */,
				5256AFEB2B73A5D1007F6E0C /* Constants */,
				5256AFE62B73A4AF007F6E0C /* Fonts */,
				5256AFCD2B73A240007F6E0C /* AppDelegate.swift */,
				5256AFD92B73A241007F6E0C /* Assets.xcassets */,
				5256AFDB2B73A241007F6E0C /* LaunchScreen.storyboard */,
				5256AFDE2B73A241007F6E0C /* Info.plist */,
				5256AFD62B73A240007F6E0C /* RegisterLesson.xcdatamodeld */,
				5256AFE42B73A3BF007F6E0C /* DenemeViewController.swift */,
			);
			path = RegisterLesson;
			sourceTree = "<group>";
		};
		5256AFE62B73A4AF007F6E0C /* Fonts */ = {
			isa = PBXGroup;
			children = (
				5281A1062B73F93E005B42F2 /* OpenSans-BoldItalic.ttf */,
				5256AFEA2B73A528007F6E0C /* OpenSans-Italic.ttf */,
				5256AFE82B73A4DB007F6E0C /* OpenSans-Light.ttf */,
				5256AFE72B73A4C1007F6E0C /* OpenSans-SemiBoldItalic.ttf */,
			);
			path = Fonts;
			sourceTree = "<group>";
		};
		5256AFEB2B73A5D1007F6E0C /* Constants */ = {
			isa = PBXGroup;
			children = (
				5256AFEC2B73A5DE007F6E0C /* Constants.swift */,
			);
			path = Constants;
			sourceTree = "<group>";
		};
		5256AFEE2B73BFC2007F6E0C /* Features */ = {
			isa = PBXGroup;
			children = (
				5281A0F62B73EEF0005B42F2 /* Auth */,
				5256AFEF2B73BFC7007F6E0C /* OnBoarding */,
			);
			path = Features;
			sourceTree = "<group>";
		};
		5256AFEF2B73BFC7007F6E0C /* OnBoarding */ = {
			isa = PBXGroup;
			children = (
				5256AFF02B73BFD9007F6E0C /* OnboardingVC.swift */,
				5256AFF22B73BFE6007F6E0C /* OnboardingView.swift */,
			);
			path = OnBoarding;
			sourceTree = "<group>";
		};
		5281A0F62B73EEF0005B42F2 /* Auth */ = {
			isa = PBXGroup;
			children = (
				5281A0F92B73F04F005B42F2 /* ForgotPassword */,
				5281A0F82B73F04A005B42F2 /* SignUp */,
				5281A0F72B73F043005B42F2 /* SignIn */,
			);
			path = Auth;
			sourceTree = "<group>";
		};
		5281A0F72B73F043005B42F2 /* SignIn */ = {
			isa = PBXGroup;
			children = (
				5281A0FA2B73F06A005B42F2 /* SignInView.swift */,
				5281A0FC2B73F075005B42F2 /* SignInVC.swift */,
			);
			path = SignIn;
			sourceTree = "<group>";
		};
		5281A0F82B73F04A005B42F2 /* SignUp */ = {
			isa = PBXGroup;
			children = (
				5281A0FE2B73F0AC005B42F2 /* SignUpVC.swift */,
				5281A1002B73F0B8005B42F2 /* SignUpView.swift */,
			);
			path = SignUp;
			sourceTree = "<group>";
		};
		5281A0F92B73F04F005B42F2 /* ForgotPassword */ = {
			isa = PBXGroup;
			children = (
				5281A1022B73F0EC005B42F2 /* ForgotPasswordView.swift */,
				5281A1042B73F0F9005B42F2 /* ForgotPasswordVC.swift */,
			);
			path = ForgotPassword;
			sourceTree = "<group>";
		};
		5281A1072B74B18E005B42F2 /* CustomComponents */ = {
			isa = PBXGroup;
			children = (
				5281A1082B74B19E005B42F2 /* CustomComponents.swift */,
			);
			path = CustomComponents;
			sourceTree = "<group>";
		};
/* End PBXGroup section */

/* Begin PBXNativeTarget section */
		5256AFC92B73A240007F6E0C /* RegisterLesson */ = {
			isa = PBXNativeTarget;
			buildConfigurationList = 5256AFE12B73A241007F6E0C /* Build configuration list for PBXNativeTarget "RegisterLesson" */;
			buildPhases = (
				5256AFC62B73A240007F6E0C /* Sources */,
				5256AFC72B73A240007F6E0C /* Frameworks */,
				5256AFC82B73A240007F6E0C /* Resources */,
			);
			buildRules = (
			);
			dependencies = (
			);
			name = RegisterLesson;
			productName = RegisterLesson;
			productReference = 5256AFCA2B73A240007F6E0C /* RegisterLesson.app */;
			productType = "com.apple.product-type.application";
		};
/* End PBXNativeTarget section */

/* Begin PBXProject section */
		5256AFC22B73A240007F6E0C /* Project object */ = {
			isa = PBXProject;
			attributes = {
				BuildIndependentTargetsInParallel = 1;
				LastSwiftUpdateCheck = 1520;
				LastUpgradeCheck = 1520;
				TargetAttributes = {
					5256AFC92B73A240007F6E0C = {
						CreatedOnToolsVersion = 15.2;
					};
				};
			};
			buildConfigurationList = 5256AFC52B73A240007F6E0C /* Build configuration list for PBXProject "RegisterLesson" */;
			compatibilityVersion = "Xcode 14.0";
			developmentRegion = en;
			hasScannedForEncodings = 0;
			knownRegions = (
				en,
				Base,
			);
			mainGroup = 5256AFC12B73A240007F6E0C;
			productRefGroup = 5256AFCB2B73A240007F6E0C /* Products */;
			projectDirPath = "";
			projectRoot = "";
			targets = (
				5256AFC92B73A240007F6E0C /* RegisterLesson */,
			);
		};
/* End PBXProject section */

/* Begin PBXResourcesBuildPhase section */
		5256AFC82B73A240007F6E0C /* Resources */ = {
			isa = PBXResourcesBuildPhase;
			buildActionMask = 2147483647;
			files = (
				5256AFDD2B73A241007F6E0C /* LaunchScreen.storyboard in Resources */,
				5256AFDA2B73A241007F6E0C /* Assets.xcassets in Resources */,
			);
			runOnlyForDeploymentPostprocessing = 0;
		};
/* End PBXResourcesBuildPhase section */

/* Begin PBXSourcesBuildPhase section */
		5256AFC62B73A240007F6E0C /* Sources */ = {
			isa = PBXSourcesBuildPhase;
			buildActionMask = 2147483647;
			files = (
				5256AFD82B73A240007F6E0C /* RegisterLesson.xcdatamodeld in Sources */,
				5281A1032B73F0EC005B42F2 /* ForgotPasswordView.swift in Sources */,
				5281A1052B73F0F9005B42F2 /* ForgotPasswordVC.swift in Sources */,
				5281A0FB2B73F06A005B42F2 /* SignInView.swift in Sources */,
				5281A0FD2B73F075005B42F2 /* SignInVC.swift in Sources */,
				5256AFCE2B73A240007F6E0C /* AppDelegate.swift in Sources */,
				5256AFF12B73BFD9007F6E0C /* OnboardingVC.swift in Sources */,
				5256AFF32B73BFE6007F6E0C /* OnboardingView.swift in Sources */,
				5281A1092B74B19E005B42F2 /* CustomComponents.swift in Sources */,
				5281A1012B73F0B8005B42F2 /* SignUpView.swift in Sources */,
				5256AFE52B73A3BF007F6E0C /* DenemeViewController.swift in Sources */,
				5281A0FF2B73F0AC005B42F2 /* SignUpVC.swift in Sources */,
				5256AFED2B73A5DE007F6E0C /* Constants.swift in Sources */,
			);
			runOnlyForDeploymentPostprocessing = 0;
		};
/* End PBXSourcesBuildPhase section */

/* Begin PBXVariantGroup section */
		5256AFDB2B73A241007F6E0C /* LaunchScreen.storyboard */ = {
			isa = PBXVariantGroup;
			children = (
				5256AFDC2B73A241007F6E0C /* Base */,
			);
			name = LaunchScreen.storyboard;
			sourceTree = "<group>";
		};
/* End PBXVariantGroup section */

/* Begin XCBuildConfiguration section */
		5256AFDF2B73A241007F6E0C /* Debug */ = {
			isa = XCBuildConfiguration;
			buildSettings = {
				ALWAYS_SEARCH_USER_PATHS = NO;
				ASSETCATALOG_COMPILER_GENERATE_SWIFT_ASSET_SYMBOL_EXTENSIONS = YES;
				CLANG_ANALYZER_NONNULL = YES;
				CLANG_ANALYZER_NUMBER_OBJECT_CONVERSION = YES_AGGRESSIVE;
				CLANG_CXX_LANGUAGE_STANDARD = "gnu++20";
				CLANG_ENABLE_MODULES = YES;
				CLANG_ENABLE_OBJC_ARC = YES;
				CLANG_ENABLE_OBJC_WEAK = YES;
				CLANG_WARN_BLOCK_CAPTURE_AUTORELEASING = YES;
				CLANG_WARN_BOOL_CONVERSION = YES;
				CLANG_WARN_COMMA = YES;
				CLANG_WARN_CONSTANT_CONVERSION = YES;
				CLANG_WARN_DEPRECATED_OBJC_IMPLEMENTATIONS = YES;
				CLANG_WARN_DIRECT_OBJC_ISA_USAGE = YES_ERROR;
				CLANG_WARN_DOCUMENTATION_COMMENTS = YES;
				CLANG_WARN_EMPTY_BODY = YES;
				CLANG_WARN_ENUM_CONVERSION = YES;
				CLANG_WARN_INFINITE_RECURSION = YES;
				CLANG_WARN_INT_CONVERSION = YES;
				CLANG_WARN_NON_LITERAL_NULL_CONVERSION = YES;
				CLANG_WARN_OBJC_IMPLICIT_RETAIN_SELF = YES;
				CLANG_WARN_OBJC_LITERAL_CONVERSION = YES;
				CLANG_WARN_OBJC_ROOT_CLASS = YES_ERROR;
				CLANG_WARN_QUOTED_INCLUDE_IN_FRAMEWORK_HEADER = YES;
				CLANG_WARN_RANGE_LOOP_ANALYSIS = YES;
				CLANG_WARN_STRICT_PROTOTYPES = YES;
				CLANG_WARN_SUSPICIOUS_MOVE = YES;
				CLANG_WARN_UNGUARDED_AVAILABILITY = YES_AGGRESSIVE;
				CLANG_WARN_UNREACHABLE_CODE = YES;
				CLANG_WARN__DUPLICATE_METHOD_MATCH = YES;
				COPY_PHASE_STRIP = NO;
				DEBUG_INFORMATION_FORMAT = dwarf;
				ENABLE_STRICT_OBJC_MSGSEND = YES;
				ENABLE_TESTABILITY = YES;
				ENABLE_USER_SCRIPT_SANDBOXING = YES;
				GCC_C_LANGUAGE_STANDARD = gnu17;
				GCC_DYNAMIC_NO_PIC = NO;
				GCC_NO_COMMON_BLOCKS = YES;
				GCC_OPTIMIZATION_LEVEL = 0;
				GCC_PREPROCESSOR_DEFINITIONS = (
					"DEBUG=1",
					"$(inherited)",
				);
				GCC_WARN_64_TO_32_BIT_CONVERSION = YES;
				GCC_WARN_ABOUT_RETURN_TYPE = YES_ERROR;
				GCC_WARN_UNDECLARED_SELECTOR = YES;
				GCC_WARN_UNINITIALIZED_AUTOS = YES_AGGRESSIVE;
				GCC_WARN_UNUSED_FUNCTION = YES;
				GCC_WARN_UNUSED_VARIABLE = YES;
				IPHONEOS_DEPLOYMENT_TARGET = 17.2;
				LOCALIZATION_PREFERS_STRING_CATALOGS = YES;
				MTL_ENABLE_DEBUG_INFO = INCLUDE_SOURCE;
				MTL_FAST_MATH = YES;
				ONLY_ACTIVE_ARCH = YES;
				SDKROOT = iphoneos;
				SWIFT_ACTIVE_COMPILATION_CONDITIONS = "DEBUG $(inherited)";
				SWIFT_OPTIMIZATION_LEVEL = "-Onone";
			};
			name = Debug;
		};
		5256AFE02B73A241007F6E0C /* Release */ = {
			isa = XCBuildConfiguration;
			buildSettings = {
				ALWAYS_SEARCH_USER_PATHS = NO;
				ASSETCATALOG_COMPILER_GENERATE_SWIFT_ASSET_SYMBOL_EXTENSIONS = YES;
				CLANG_ANALYZER_NONNULL = YES;
				CLANG_ANALYZER_NUMBER_OBJECT_CONVERSION = YES_AGGRESSIVE;
				CLANG_CXX_LANGUAGE_STANDARD = "gnu++20";
				CLANG_ENABLE_MODULES = YES;
				CLANG_ENABLE_OBJC_ARC = YES;
				CLANG_ENABLE_OBJC_WEAK = YES;
				CLANG_WARN_BLOCK_CAPTURE_AUTORELEASING = YES;
				CLANG_WARN_BOOL_CONVERSION = YES;
				CLANG_WARN_COMMA = YES;
				CLANG_WARN_CONSTANT_CONVERSION = YES;
				CLANG_WARN_DEPRECATED_OBJC_IMPLEMENTATIONS = YES;
				CLANG_WARN_DIRECT_OBJC_ISA_USAGE = YES_ERROR;
				CLANG_WARN_DOCUMENTATION_COMMENTS = YES;
				CLANG_WARN_EMPTY_BODY = YES;
				CLANG_WARN_ENUM_CONVERSION = YES;
				CLANG_WARN_INFINITE_RECURSION = YES;
				CLANG_WARN_INT_CONVERSION = YES;
				CLANG_WARN_NON_LITERAL_NULL_CONVERSION = YES;
				CLANG_WARN_OBJC_IMPLICIT_RETAIN_SELF = YES;
				CLANG_WARN_OBJC_LITERAL_CONVERSION = YES;
				CLANG_WARN_OBJC_ROOT_CLASS = YES_ERROR;
				CLANG_WARN_QUOTED_INCLUDE_IN_FRAMEWORK_HEADER = YES;
				CLANG_WARN_RANGE_LOOP_ANALYSIS = YES;
				CLANG_WARN_STRICT_PROTOTYPES = YES;
				CLANG_WARN_SUSPICIOUS_MOVE = YES;
				CLANG_WARN_UNGUARDED_AVAILABILITY = YES_AGGRESSIVE;
				CLANG_WARN_UNREACHABLE_CODE = YES;
				CLANG_WARN__DUPLICATE_METHOD_MATCH = YES;
				COPY_PHASE_STRIP = NO;
				DEBUG_INFORMATION_FORMAT = "dwarf-with-dsym";
				ENABLE_NS_ASSERTIONS = NO;
				ENABLE_STRICT_OBJC_MSGSEND = YES;
				ENABLE_USER_SCRIPT_SANDBOXING = YES;
				GCC_C_LANGUAGE_STANDARD = gnu17;
				GCC_NO_COMMON_BLOCKS = YES;
				GCC_WARN_64_TO_32_BIT_CONVERSION = YES;
				GCC_WARN_ABOUT_RETURN_TYPE = YES_ERROR;
				GCC_WARN_UNDECLARED_SELECTOR = YES;
				GCC_WARN_UNINITIALIZED_AUTOS = YES_AGGRESSIVE;
				GCC_WARN_UNUSED_FUNCTION = YES;
				GCC_WARN_UNUSED_VARIABLE = YES;
				IPHONEOS_DEPLOYMENT_TARGET = 17.2;
				LOCALIZATION_PREFERS_STRING_CATALOGS = YES;
				MTL_ENABLE_DEBUG_INFO = NO;
				MTL_FAST_MATH = YES;
				SDKROOT = iphoneos;
				SWIFT_COMPILATION_MODE = wholemodule;
				VALIDATE_PRODUCT = YES;
			};
			name = Release;
		};
		5256AFE22B73A241007F6E0C /* Debug */ = {
			isa = XCBuildConfiguration;
			buildSettings = {
				ASSETCATALOG_COMPILER_APPICON_NAME = AppIcon;
				ASSETCATALOG_COMPILER_GLOBAL_ACCENT_COLOR_NAME = AccentColor;
				CODE_SIGN_STYLE = Automatic;
				CURRENT_PROJECT_VERSION = 1;
				DEVELOPMENT_TEAM = 2758CUH3C2;
				GENERATE_INFOPLIST_FILE = YES;
				INFOPLIST_FILE = RegisterLesson/Info.plist;
				INFOPLIST_KEY_UIApplicationSupportsIndirectInputEvents = YES;
				INFOPLIST_KEY_UILaunchStoryboardName = LaunchScreen;
				INFOPLIST_KEY_UISupportedInterfaceOrientations_iPad = "UIInterfaceOrientationPortrait UIInterfaceOrientationPortraitUpsideDown UIInterfaceOrientationLandscapeLeft UIInterfaceOrientationLandscapeRight";
				INFOPLIST_KEY_UISupportedInterfaceOrientations_iPhone = "UIInterfaceOrientationPortrait UIInterfaceOrientationLandscapeLeft UIInterfaceOrientationLandscapeRight";
				LD_RUNPATH_SEARCH_PATHS = (
					"$(inherited)",
					"@executable_path/Frameworks",
				);
				MARKETING_VERSION = 1.0;
				PRODUCT_BUNDLE_IDENTIFIER = com.ulasozturk.RegisterLesson;
				PRODUCT_NAME = "$(TARGET_NAME)";
				SWIFT_EMIT_LOC_STRINGS = YES;
				SWIFT_VERSION = 5.0;
				TARGETED_DEVICE_FAMILY = "1,2";
			};
			name = Debug;
		};
		5256AFE32B73A241007F6E0C /* Release */ = {
			isa = XCBuildConfiguration;
			buildSettings = {
				ASSETCATALOG_COMPILER_APPICON_NAME = AppIcon;
				ASSETCATALOG_COMPILER_GLOBAL_ACCENT_COLOR_NAME = AccentColor;
				CODE_SIGN_STYLE = Automatic;
				CURRENT_PROJECT_VERSION = 1;
				DEVELOPMENT_TEAM = 2758CUH3C2;
				GENERATE_INFOPLIST_FILE = YES;
				INFOPLIST_FILE = RegisterLesson/Info.plist;
				INFOPLIST_KEY_UIApplicationSupportsIndirectInputEvents = YES;
				INFOPLIST_KEY_UILaunchStoryboardName = LaunchScreen;
				INFOPLIST_KEY_UISupportedInterfaceOrientations_iPad = "UIInterfaceOrientationPortrait UIInterfaceOrientationPortraitUpsideDown UIInterfaceOrientationLandscapeLeft UIInterfaceOrientationLandscapeRight";
				INFOPLIST_KEY_UISupportedInterfaceOrientations_iPhone = "UIInterfaceOrientationPortrait UIInterfaceOrientationLandscapeLeft UIInterfaceOrientationLandscapeRight";
				LD_RUNPATH_SEARCH_PATHS = (
					"$(inherited)",
					"@executable_path/Frameworks",
				);
				MARKETING_VERSION = 1.0;
				PRODUCT_BUNDLE_IDENTIFIER = com.ulasozturk.RegisterLesson;
				PRODUCT_NAME = "$(TARGET_NAME)";
				SWIFT_EMIT_LOC_STRINGS = YES;
				SWIFT_VERSION = 5.0;
				TARGETED_DEVICE_FAMILY = "1,2";
			};
			name = Release;
		};
/* End XCBuildConfiguration section */

/* Begin XCConfigurationList section */
		5256AFC52B73A240007F6E0C /* Build configuration list for PBXProject "RegisterLesson" */ = {
			isa = XCConfigurationList;
			buildConfigurations = (
				5256AFDF2B73A241007F6E0C /* Debug */,
				5256AFE02B73A241007F6E0C /* Release */,
			);
			defaultConfigurationIsVisible = 0;
			defaultConfigurationName = Release;
		};
		5256AFE12B73A241007F6E0C /* Build configuration list for PBXNativeTarget "RegisterLesson" */ = {
			isa = XCConfigurationList;
			buildConfigurations = (
				5256AFE22B73A241007F6E0C /* Debug */,
				5256AFE32B73A241007F6E0C /* Release */,
			);
			defaultConfigurationIsVisible = 0;
			defaultConfigurationName = Release;
		};
/* End XCConfigurationList section */

/* Begin XCVersionGroup section */
		5256AFD62B73A240007F6E0C /* RegisterLesson.xcdatamodeld */ = {
			isa = XCVersionGroup;
			children = (
				5256AFD72B73A240007F6E0C /* RegisterLesson.xcdatamodel */,
			);
			currentVersion = 5256AFD72B73A240007F6E0C /* RegisterLesson.xcdatamodel */;
			path = RegisterLesson.xcdatamodeld;
			sourceTree = "<group>";
			versionGroupType = wrapper.xcdatamodel;
		};
/* End XCVersionGroup section */
	};
	rootObject = 5256AFC22B73A240007F6E0C /* Project object */;
}
