// !$*UTF8*$!
{
	archiveVersion = 1;
	classes = {
	};
	objectVersion = 56;
	objects = {

/* Begin PBXBuildFile section */
		521ACC072B7E99B400941225 /* Resources in Resources */ = {isa = PBXBuildFile; fileRef = 521ACC062B7E99B400941225 /* Resources */; };
		521ACC0A2B7EA1A100941225 /* ProfileView.swift in Sources */ = {isa = PBXBuildFile; fileRef = 521ACC092B7EA1A100941225 /* ProfileView.swift */; };
		521ACC0C2B7EA1B000941225 /* ProfileVC.swift in Sources */ = {isa = PBXBuildFile; fileRef = 521ACC0B2B7EA1B000941225 /* ProfileVC.swift */; };
		521ACC132B7EA59B00941225 /* User+CoreDataProperties.swift in Sources */ = {isa = PBXBuildFile; fileRef = 521ACC0F2B7EA59B00941225 /* User+CoreDataProperties.swift */; };
		521ACC152B7EA59B00941225 /* Lesson+CoreDataProperties.swift in Sources */ = {isa = PBXBuildFile; fileRef = 521ACC112B7EA59B00941225 /* Lesson+CoreDataProperties.swift */; };
		521ACC172B7EA80200941225 /* customImageView.swift in Sources */ = {isa = PBXBuildFile; fileRef = 521ACC162B7EA80200941225 /* customImageView.swift */; };
		5250A20B2B83C4F800D6ED16 /* keyChainManager.swift in Sources */ = {isa = PBXBuildFile; fileRef = 5250A20A2B83C4F800D6ED16 /* keyChainManager.swift */; };
		5256AFCE2B73A240007F6E0C /* AppDelegate.swift in Sources */ = {isa = PBXBuildFile; fileRef = 5256AFCD2B73A240007F6E0C /* AppDelegate.swift */; };
		5256AFDA2B73A241007F6E0C /* Assets.xcassets in Resources */ = {isa = PBXBuildFile; fileRef = 5256AFD92B73A241007F6E0C /* Assets.xcassets */; };
		5256AFED2B73A5DE007F6E0C /* ConstantFonts.swift in Sources */ = {isa = PBXBuildFile; fileRef = 5256AFEC2B73A5DE007F6E0C /* ConstantFonts.swift */; };
		5256AFF12B73BFD9007F6E0C /* OnboardingVC.swift in Sources */ = {isa = PBXBuildFile; fileRef = 5256AFF02B73BFD9007F6E0C /* OnboardingVC.swift */; };
		5256AFF32B73BFE6007F6E0C /* OnboardingView.swift in Sources */ = {isa = PBXBuildFile; fileRef = 5256AFF22B73BFE6007F6E0C /* OnboardingView.swift */; };
		525785D62B7F3C0900BE55BB /* AvatarPaths.swift in Sources */ = {isa = PBXBuildFile; fileRef = 525785D52B7F3C0900BE55BB /* AvatarPaths.swift */; };
		525785D82B7F3F7700BE55BB /* SelectImageView.swift in Sources */ = {isa = PBXBuildFile; fileRef = 525785D72B7F3F7700BE55BB /* SelectImageView.swift */; };
		525785DA2B7F3FE500BE55BB /* SelectImageVC.swift in Sources */ = {isa = PBXBuildFile; fileRef = 525785D92B7F3FE500BE55BB /* SelectImageVC.swift */; };
		525785DD2B7F42BB00BE55BB /* SelectImageCell.swift in Sources */ = {isa = PBXBuildFile; fileRef = 525785DC2B7F42BB00BE55BB /* SelectImageCell.swift */; };
		525785DF2B7F43FB00BE55BB /* AvatarNames.swift in Sources */ = {isa = PBXBuildFile; fileRef = 525785DE2B7F43FB00BE55BB /* AvatarNames.swift */; };
		526E4EBE2B7A082F00E053EE /* DBManager.swift in Sources */ = {isa = PBXBuildFile; fileRef = 526E4EBD2B7A082F00E053EE /* DBManager.swift */; };
		526E4EC12B7A0D2500E053EE /* DynamicFontExtension.swift in Sources */ = {isa = PBXBuildFile; fileRef = 526E4EC02B7A0D2500E053EE /* DynamicFontExtension.swift */; };
		526E4ED42B7A41BA00E053EE /* SessionManager.swift in Sources */ = {isa = PBXBuildFile; fileRef = 526E4ED32B7A41BA00E053EE /* SessionManager.swift */; };
		526EDF622B8328A90015A8BB /* ChangePasswordView.swift in Sources */ = {isa = PBXBuildFile; fileRef = 526EDF612B8328A90015A8BB /* ChangePasswordView.swift */; };
		526EDF642B8328B60015A8BB /* ChangePasswordVC.swift in Sources */ = {isa = PBXBuildFile; fileRef = 526EDF632B8328B60015A8BB /* ChangePasswordVC.swift */; };
		526EDF662B832A3A0015A8BB /* UIViewExtension.swift in Sources */ = {isa = PBXBuildFile; fileRef = 526EDF652B832A3A0015A8BB /* UIViewExtension.swift */; };
		526EDF6A2B83355D0015A8BB /* DownloadManager.swift in Sources */ = {isa = PBXBuildFile; fileRef = 526EDF692B83355D0015A8BB /* DownloadManager.swift */; };
		526EDF6F2B835DE30015A8BB /* DownloadImages.swift in Sources */ = {isa = PBXBuildFile; fileRef = 526EDF6E2B835DE30015A8BB /* DownloadImages.swift */; };
		52722CC92B8385DD001562B4 /* Kingfisher in Frameworks */ = {isa = PBXBuildFile; productRef = 52722CC82B8385DD001562B4 /* Kingfisher */; };
		52722CCC2B8385EB001562B4 /* Alamofire in Frameworks */ = {isa = PBXBuildFile; productRef = 52722CCB2B8385EB001562B4 /* Alamofire */; };
		52722CCF2B838617001562B4 /* FirebaseAnalytics in Frameworks */ = {isa = PBXBuildFile; productRef = 52722CCE2B838617001562B4 /* FirebaseAnalytics */; };
		52722CDA2B83862B001562B4 /* FirebaseMessaging in Frameworks */ = {isa = PBXBuildFile; productRef = 52722CD92B83862B001562B4 /* FirebaseMessaging */; };
		52722CDC2B838B0F001562B4 /* UserManager.swift in Sources */ = {isa = PBXBuildFile; fileRef = 52722CDB2B838B0F001562B4 /* UserManager.swift */; };
		5281A0FB2B73F06A005B42F2 /* SignInView.swift in Sources */ = {isa = PBXBuildFile; fileRef = 5281A0FA2B73F06A005B42F2 /* SignInView.swift */; };
		5281A0FD2B73F075005B42F2 /* SignInVC.swift in Sources */ = {isa = PBXBuildFile; fileRef = 5281A0FC2B73F075005B42F2 /* SignInVC.swift */; };
		5281A0FF2B73F0AC005B42F2 /* SignUpVC.swift in Sources */ = {isa = PBXBuildFile; fileRef = 5281A0FE2B73F0AC005B42F2 /* SignUpVC.swift */; };
		5281A1012B73F0B8005B42F2 /* SignUpView.swift in Sources */ = {isa = PBXBuildFile; fileRef = 5281A1002B73F0B8005B42F2 /* SignUpView.swift */; };
		5281A10B2B74E507005B42F2 /* TabBar.swift in Sources */ = {isa = PBXBuildFile; fileRef = 5281A10A2B74E507005B42F2 /* TabBar.swift */; };
		5281A1102B74E67F005B42F2 /* LessonListVC.swift in Sources */ = {isa = PBXBuildFile; fileRef = 5281A10F2B74E67F005B42F2 /* LessonListVC.swift */; };
		5281A1122B74E69A005B42F2 /* LessonListView.swift in Sources */ = {isa = PBXBuildFile; fileRef = 5281A1112B74E69A005B42F2 /* LessonListView.swift */; };
		5281A1142B74E6A5005B42F2 /* GradeEntryView.swift in Sources */ = {isa = PBXBuildFile; fileRef = 5281A1132B74E6A5005B42F2 /* GradeEntryView.swift */; };
		5281A1162B74E6B3005B42F2 /* GradeEntryVC.swift in Sources */ = {isa = PBXBuildFile; fileRef = 5281A1152B74E6B3005B42F2 /* GradeEntryVC.swift */; };
		5281A1182B74E6C0005B42F2 /* SettingsVC.swift in Sources */ = {isa = PBXBuildFile; fileRef = 5281A1172B74E6C0005B42F2 /* SettingsVC.swift */; };
		5281A11A2B74E6CE005B42F2 /* SettingsView.swift in Sources */ = {isa = PBXBuildFile; fileRef = 5281A1192B74E6CE005B42F2 /* SettingsView.swift */; };
		5281A11C2B74EF6E005B42F2 /* TableViewCell.swift in Sources */ = {isa = PBXBuildFile; fileRef = 5281A11B2B74EF6E005B42F2 /* TableViewCell.swift */; };
		52B9891F2B7DF7C000DA824B /* Model-v1-to-v2.xcmappingmodel in Sources */ = {isa = PBXBuildFile; fileRef = 52B9891E2B7DF7BF00DA824B /* Model-v1-to-v2.xcmappingmodel */; };
		52B989242B7E084400DA824B /* User.swift in Sources */ = {isa = PBXBuildFile; fileRef = 52B989232B7E084400DA824B /* User.swift */; };
		52B9893B2B7E0D0C00DA824B /* Lesson.swift in Sources */ = {isa = PBXBuildFile; fileRef = 52B9893A2B7E0D0C00DA824B /* Lesson.swift */; };
		52B9893F2B7E2D2C00DA824B /* customTextField.swift in Sources */ = {isa = PBXBuildFile; fileRef = 52B9893E2B7E2D2C00DA824B /* customTextField.swift */; };
		52B989412B7E302600DA824B /* customAngledButton.swift in Sources */ = {isa = PBXBuildFile; fileRef = 52B989402B7E302600DA824B /* customAngledButton.swift */; };
		52B989432B7E312900DA824B /* customCircularButton.swift in Sources */ = {isa = PBXBuildFile; fileRef = 52B989422B7E312900DA824B /* customCircularButton.swift */; };
		52B989452B7E344D00DA824B /* customIconButton.swift in Sources */ = {isa = PBXBuildFile; fileRef = 52B989442B7E344D00DA824B /* customIconButton.swift */; };
		52B989472B7E356900DA824B /* customLabel.swift in Sources */ = {isa = PBXBuildFile; fileRef = 52B989462B7E356900DA824B /* customLabel.swift */; };
		52B989492B7E381900DA824B /* NotificationManager.swift in Sources */ = {isa = PBXBuildFile; fileRef = 52B989482B7E381900DA824B /* NotificationManager.swift */; };
		52DB604B2B7B8B8200216375 /* GoogleService-Info.plist in Resources */ = {isa = PBXBuildFile; fileRef = 52DB604A2B7B8B8200216375 /* GoogleService-Info.plist */; };
		52DB60532B7BA7CF00216375 /* Model.xcdatamodeld in Sources */ = {isa = PBXBuildFile; fileRef = 52DB60512B7BA7CF00216375 /* Model.xcdatamodeld */; };
/* End PBXBuildFile section */

/* Begin PBXFileReference section */
		521ACC062B7E99B400941225 /* Resources */ = {isa = PBXFileReference; lastKnownFileType = text; path = Resources; sourceTree = "<group>"; };
		521ACC092B7EA1A100941225 /* ProfileView.swift */ = {isa = PBXFileReference; lastKnownFileType = sourcecode.swift; path = ProfileView.swift; sourceTree = "<group>"; };
		521ACC0B2B7EA1B000941225 /* ProfileVC.swift */ = {isa = PBXFileReference; lastKnownFileType = sourcecode.swift; path = ProfileVC.swift; sourceTree = "<group>"; };
		521ACC0D2B7EA55F00941225 /* Model 3.xcdatamodel */ = {isa = PBXFileReference; lastKnownFileType = wrapper.xcdatamodel; path = "Model 3.xcdatamodel"; sourceTree = "<group>"; };
		521ACC0F2B7EA59B00941225 /* User+CoreDataProperties.swift */ = {isa = PBXFileReference; lastKnownFileType = sourcecode.swift; path = "User+CoreDataProperties.swift"; sourceTree = "<group>"; };
		521ACC112B7EA59B00941225 /* Lesson+CoreDataProperties.swift */ = {isa = PBXFileReference; lastKnownFileType = sourcecode.swift; path = "Lesson+CoreDataProperties.swift"; sourceTree = "<group>"; };
		521ACC162B7EA80200941225 /* customImageView.swift */ = {isa = PBXFileReference; lastKnownFileType = sourcecode.swift; path = customImageView.swift; sourceTree = "<group>"; };
		5250A20A2B83C4F800D6ED16 /* keyChainManager.swift */ = {isa = PBXFileReference; lastKnownFileType = sourcecode.swift; path = keyChainManager.swift; sourceTree = "<group>"; };
		5256AFCA2B73A240007F6E0C /* RegisterLesson.app */ = {isa = PBXFileReference; explicitFileType = wrapper.application; includeInIndex = 0; path = RegisterLesson.app; sourceTree = BUILT_PRODUCTS_DIR; };
		5256AFCD2B73A240007F6E0C /* AppDelegate.swift */ = {isa = PBXFileReference; lastKnownFileType = sourcecode.swift; path = AppDelegate.swift; sourceTree = "<group>"; };
		5256AFD92B73A241007F6E0C /* Assets.xcassets */ = {isa = PBXFileReference; lastKnownFileType = folder.assetcatalog; path = Assets.xcassets; sourceTree = "<group>"; };
		5256AFDE2B73A241007F6E0C /* Info.plist */ = {isa = PBXFileReference; lastKnownFileType = text.plist.xml; path = Info.plist; sourceTree = "<group>"; };
		5256AFE72B73A4C1007F6E0C /* OpenSans-SemiBoldItalic.ttf */ = {isa = PBXFileReference; lastKnownFileType = file; path = "OpenSans-SemiBoldItalic.ttf"; sourceTree = "<group>"; };
		5256AFE82B73A4DB007F6E0C /* OpenSans-Light.ttf */ = {isa = PBXFileReference; lastKnownFileType = file; path = "OpenSans-Light.ttf"; sourceTree = "<group>"; };
		5256AFEA2B73A528007F6E0C /* OpenSans-Italic.ttf */ = {isa = PBXFileReference; lastKnownFileType = file; path = "OpenSans-Italic.ttf"; sourceTree = "<group>"; };
		5256AFEC2B73A5DE007F6E0C /* ConstantFonts.swift */ = {isa = PBXFileReference; lastKnownFileType = sourcecode.swift; path = ConstantFonts.swift; sourceTree = "<group>"; };
		5256AFF02B73BFD9007F6E0C /* OnboardingVC.swift */ = {isa = PBXFileReference; lastKnownFileType = sourcecode.swift; path = OnboardingVC.swift; sourceTree = "<group>"; };
		5256AFF22B73BFE6007F6E0C /* OnboardingView.swift */ = {isa = PBXFileReference; lastKnownFileType = sourcecode.swift; path = OnboardingView.swift; sourceTree = "<group>"; };
		525785D52B7F3C0900BE55BB /* AvatarPaths.swift */ = {isa = PBXFileReference; lastKnownFileType = sourcecode.swift; path = AvatarPaths.swift; sourceTree = "<group>"; };
		525785D72B7F3F7700BE55BB /* SelectImageView.swift */ = {isa = PBXFileReference; lastKnownFileType = sourcecode.swift; path = SelectImageView.swift; sourceTree = "<group>"; };
		525785D92B7F3FE500BE55BB /* SelectImageVC.swift */ = {isa = PBXFileReference; lastKnownFileType = sourcecode.swift; path = SelectImageVC.swift; sourceTree = "<group>"; };
		525785DC2B7F42BB00BE55BB /* SelectImageCell.swift */ = {isa = PBXFileReference; lastKnownFileType = sourcecode.swift; path = SelectImageCell.swift; sourceTree = "<group>"; };
		525785DE2B7F43FB00BE55BB /* AvatarNames.swift */ = {isa = PBXFileReference; lastKnownFileType = sourcecode.swift; path = AvatarNames.swift; sourceTree = "<group>"; };
		526E4EBD2B7A082F00E053EE /* DBManager.swift */ = {isa = PBXFileReference; lastKnownFileType = sourcecode.swift; path = DBManager.swift; sourceTree = "<group>"; };
		526E4EC02B7A0D2500E053EE /* DynamicFontExtension.swift */ = {isa = PBXFileReference; lastKnownFileType = sourcecode.swift; path = DynamicFontExtension.swift; sourceTree = "<group>"; };
		526E4ED32B7A41BA00E053EE /* SessionManager.swift */ = {isa = PBXFileReference; lastKnownFileType = sourcecode.swift; path = SessionManager.swift; sourceTree = "<group>"; };
		526EDF612B8328A90015A8BB /* ChangePasswordView.swift */ = {isa = PBXFileReference; lastKnownFileType = sourcecode.swift; path = ChangePasswordView.swift; sourceTree = "<group>"; };
		526EDF632B8328B60015A8BB /* ChangePasswordVC.swift */ = {isa = PBXFileReference; lastKnownFileType = sourcecode.swift; path = ChangePasswordVC.swift; sourceTree = "<group>"; };
		526EDF652B832A3A0015A8BB /* UIViewExtension.swift */ = {isa = PBXFileReference; lastKnownFileType = sourcecode.swift; path = UIViewExtension.swift; sourceTree = "<group>"; };
		526EDF692B83355D0015A8BB /* DownloadManager.swift */ = {isa = PBXFileReference; lastKnownFileType = sourcecode.swift; path = DownloadManager.swift; sourceTree = "<group>"; };
		526EDF6E2B835DE30015A8BB /* DownloadImages.swift */ = {isa = PBXFileReference; lastKnownFileType = sourcecode.swift; path = DownloadImages.swift; sourceTree = "<group>"; };
		52722CDB2B838B0F001562B4 /* UserManager.swift */ = {isa = PBXFileReference; lastKnownFileType = sourcecode.swift; path = UserManager.swift; sourceTree = "<group>"; };
		5281A0FA2B73F06A005B42F2 /* SignInView.swift */ = {isa = PBXFileReference; lastKnownFileType = sourcecode.swift; path = SignInView.swift; sourceTree = "<group>"; };
		5281A0FC2B73F075005B42F2 /* SignInVC.swift */ = {isa = PBXFileReference; lastKnownFileType = sourcecode.swift; path = SignInVC.swift; sourceTree = "<group>"; };
		5281A0FE2B73F0AC005B42F2 /* SignUpVC.swift */ = {isa = PBXFileReference; lastKnownFileType = sourcecode.swift; path = SignUpVC.swift; sourceTree = "<group>"; };
		5281A1002B73F0B8005B42F2 /* SignUpView.swift */ = {isa = PBXFileReference; lastKnownFileType = sourcecode.swift; path = SignUpView.swift; sourceTree = "<group>"; };
		5281A1062B73F93E005B42F2 /* OpenSans-BoldItalic.ttf */ = {isa = PBXFileReference; lastKnownFileType = file; path = "OpenSans-BoldItalic.ttf"; sourceTree = "<group>"; };
		5281A10A2B74E507005B42F2 /* TabBar.swift */ = {isa = PBXFileReference; lastKnownFileType = sourcecode.swift; path = TabBar.swift; sourceTree = "<group>"; };
		5281A10F2B74E67F005B42F2 /* LessonListVC.swift */ = {isa = PBXFileReference; lastKnownFileType = sourcecode.swift; path = LessonListVC.swift; sourceTree = "<group>"; };
		5281A1112B74E69A005B42F2 /* LessonListView.swift */ = {isa = PBXFileReference; lastKnownFileType = sourcecode.swift; path = LessonListView.swift; sourceTree = "<group>"; };
		5281A1132B74E6A5005B42F2 /* GradeEntryView.swift */ = {isa = PBXFileReference; lastKnownFileType = sourcecode.swift; path = GradeEntryView.swift; sourceTree = "<group>"; };
		5281A1152B74E6B3005B42F2 /* GradeEntryVC.swift */ = {isa = PBXFileReference; lastKnownFileType = sourcecode.swift; path = GradeEntryVC.swift; sourceTree = "<group>"; };
		5281A1172B74E6C0005B42F2 /* SettingsVC.swift */ = {isa = PBXFileReference; lastKnownFileType = sourcecode.swift; path = SettingsVC.swift; sourceTree = "<group>"; };
		5281A1192B74E6CE005B42F2 /* SettingsView.swift */ = {isa = PBXFileReference; lastKnownFileType = sourcecode.swift; path = SettingsView.swift; sourceTree = "<group>"; };
		5281A11B2B74EF6E005B42F2 /* TableViewCell.swift */ = {isa = PBXFileReference; lastKnownFileType = sourcecode.swift; path = TableViewCell.swift; sourceTree = "<group>"; };
		52B9891D2B7DF0BA00DA824B /* Model 2.xcdatamodel */ = {isa = PBXFileReference; lastKnownFileType = wrapper.xcdatamodel; path = "Model 2.xcdatamodel"; sourceTree = "<group>"; };
		52B9891E2B7DF7BF00DA824B /* Model-v1-to-v2.xcmappingmodel */ = {isa = PBXFileReference; lastKnownFileType = wrapper.xcmappingmodel; path = "Model-v1-to-v2.xcmappingmodel"; sourceTree = "<group>"; };
		52B989232B7E084400DA824B /* User.swift */ = {isa = PBXFileReference; lastKnownFileType = sourcecode.swift; path = User.swift; sourceTree = "<group>"; };
		52B9893A2B7E0D0C00DA824B /* Lesson.swift */ = {isa = PBXFileReference; lastKnownFileType = sourcecode.swift; path = Lesson.swift; sourceTree = "<group>"; };
		52B9893E2B7E2D2C00DA824B /* customTextField.swift */ = {isa = PBXFileReference; lastKnownFileType = sourcecode.swift; path = customTextField.swift; sourceTree = "<group>"; };
		52B989402B7E302600DA824B /* customAngledButton.swift */ = {isa = PBXFileReference; lastKnownFileType = sourcecode.swift; path = customAngledButton.swift; sourceTree = "<group>"; };
		52B989422B7E312900DA824B /* customCircularButton.swift */ = {isa = PBXFileReference; lastKnownFileType = sourcecode.swift; path = customCircularButton.swift; sourceTree = "<group>"; };
		52B989442B7E344D00DA824B /* customIconButton.swift */ = {isa = PBXFileReference; lastKnownFileType = sourcecode.swift; path = customIconButton.swift; sourceTree = "<group>"; };
		52B989462B7E356900DA824B /* customLabel.swift */ = {isa = PBXFileReference; lastKnownFileType = sourcecode.swift; path = customLabel.swift; sourceTree = "<group>"; };
		52B989482B7E381900DA824B /* NotificationManager.swift */ = {isa = PBXFileReference; lastKnownFileType = sourcecode.swift; path = NotificationManager.swift; sourceTree = "<group>"; };
		52DB60452B7B88E500216375 /* RegisterLesson.entitlements */ = {isa = PBXFileReference; lastKnownFileType = text.plist.entitlements; path = RegisterLesson.entitlements; sourceTree = "<group>"; };
		52DB604A2B7B8B8200216375 /* GoogleService-Info.plist */ = {isa = PBXFileReference; fileEncoding = 4; lastKnownFileType = text.plist.xml; path = "GoogleService-Info.plist"; sourceTree = "<group>"; };
		52DB60522B7BA7CF00216375 /* Model.xcdatamodel */ = {isa = PBXFileReference; lastKnownFileType = wrapper.xcdatamodel; path = Model.xcdatamodel; sourceTree = "<group>"; };
/* End PBXFileReference section */

/* Begin PBXFrameworksBuildPhase section */
		5256AFC72B73A240007F6E0C /* Frameworks */ = {
			isa = PBXFrameworksBuildPhase;
			buildActionMask = 2147483647;
			files = (
				52722CDA2B83862B001562B4 /* FirebaseMessaging in Frameworks */,
				52722CC92B8385DD001562B4 /* Kingfisher in Frameworks */,
				52722CCC2B8385EB001562B4 /* Alamofire in Frameworks */,
				52722CCF2B838617001562B4 /* FirebaseAnalytics in Frameworks */,
			);
			runOnlyForDeploymentPostprocessing = 0;
		};
/* End PBXFrameworksBuildPhase section */

/* Begin PBXGroup section */
		521ACC082B7EA18D00941225 /* Profile */ = {
			isa = PBXGroup;
			children = (
				526EDF602B8328940015A8BB /* ChangePassword */,
				525785DB2B7F429900BE55BB /* SelectAvatar */,
				521ACC092B7EA1A100941225 /* ProfileView.swift */,
				521ACC0B2B7EA1B000941225 /* ProfileVC.swift */,
			);
			path = Profile;
			sourceTree = "<group>";
		};
		5256AFC12B73A240007F6E0C = {
			isa = PBXGroup;
			children = (
				521ACC0F2B7EA59B00941225 /* User+CoreDataProperties.swift */,
				521ACC112B7EA59B00941225 /* Lesson+CoreDataProperties.swift */,
				521ACC062B7E99B400941225 /* Resources */,
				5256AFCC2B73A240007F6E0C /* RegisterLesson */,
				5256AFCB2B73A240007F6E0C /* Products */,
				AFC3EE3D0BBA305822941E72 /* Pods */,
				52722CD82B83862B001562B4 /* Frameworks */,
			);
			sourceTree = "<group>";
		};
		5256AFCB2B73A240007F6E0C /* Products */ = {
			isa = PBXGroup;
			children = (
				5256AFCA2B73A240007F6E0C /* RegisterLesson.app */,
			);
			name = Products;
			sourceTree = "<group>";
		};
		5256AFCC2B73A240007F6E0C /* RegisterLesson */ = {
			isa = PBXGroup;
			children = (
				52B989252B7E08D100DA824B /* CoreDataHelpers */,
				52B989222B7E083300DA824B /* Models */,
				52DB60452B7B88E500216375 /* RegisterLesson.entitlements */,
				526E4EC62B7A2D9700E053EE /* Shared */,
				526E4EBC2B7A082300E053EE /* Manager */,
				5281A1072B74B18E005B42F2 /* CustomComponents */,
				5256AFEE2B73BFC2007F6E0C /* Features */,
				5256AFEB2B73A5D1007F6E0C /* Constants */,
				5256AFE62B73A4AF007F6E0C /* Fonts */,
				5256AFCD2B73A240007F6E0C /* AppDelegate.swift */,
				5256AFD92B73A241007F6E0C /* Assets.xcassets */,
				5256AFDE2B73A241007F6E0C /* Info.plist */,
				52DB604A2B7B8B8200216375 /* GoogleService-Info.plist */,
				52DB60512B7BA7CF00216375 /* Model.xcdatamodeld */,
				52B9891E2B7DF7BF00DA824B /* Model-v1-to-v2.xcmappingmodel */,
			);
			path = RegisterLesson;
			sourceTree = "<group>";
		};
		5256AFE62B73A4AF007F6E0C /* Fonts */ = {
			isa = PBXGroup;
			children = (
				5281A1062B73F93E005B42F2 /* OpenSans-BoldItalic.ttf */,
				5256AFEA2B73A528007F6E0C /* OpenSans-Italic.ttf */,
				5256AFE82B73A4DB007F6E0C /* OpenSans-Light.ttf */,
				5256AFE72B73A4C1007F6E0C /* OpenSans-SemiBoldItalic.ttf */,
			);
			path = Fonts;
			sourceTree = "<group>";
		};
		5256AFEB2B73A5D1007F6E0C /* Constants */ = {
			isa = PBXGroup;
			children = (
				5256AFEC2B73A5DE007F6E0C /* ConstantFonts.swift */,
				525785D52B7F3C0900BE55BB /* AvatarPaths.swift */,
				525785DE2B7F43FB00BE55BB /* AvatarNames.swift */,
			);
			path = Constants;
			sourceTree = "<group>";
		};
		5256AFEE2B73BFC2007F6E0C /* Features */ = {
			isa = PBXGroup;
			children = (
				521ACC082B7EA18D00941225 /* Profile */,
				5281A10E2B74E530005B42F2 /* Settings */,
				5281A10D2B74E525005B42F2 /* GradeEntry */,
				5281A10C2B74E514005B42F2 /* LessonList */,
				5281A0F62B73EEF0005B42F2 /* Auth */,
				5256AFEF2B73BFC7007F6E0C /* OnBoarding */,
				5281A10A2B74E507005B42F2 /* TabBar.swift */,
			);
			path = Features;
			sourceTree = "<group>";
		};
		5256AFEF2B73BFC7007F6E0C /* OnBoarding */ = {
			isa = PBXGroup;
			children = (
				5256AFF02B73BFD9007F6E0C /* OnboardingVC.swift */,
				5256AFF22B73BFE6007F6E0C /* OnboardingView.swift */,
			);
			path = OnBoarding;
			sourceTree = "<group>";
		};
		525785DB2B7F429900BE55BB /* SelectAvatar */ = {
			isa = PBXGroup;
			children = (
				525785D92B7F3FE500BE55BB /* SelectImageVC.swift */,
				525785D72B7F3F7700BE55BB /* SelectImageView.swift */,
				525785DC2B7F42BB00BE55BB /* SelectImageCell.swift */,
			);
			path = SelectAvatar;
			sourceTree = "<group>";
		};
		526E4EBC2B7A082300E053EE /* Manager */ = {
			isa = PBXGroup;
			children = (
				526E4EBD2B7A082F00E053EE /* DBManager.swift */,
				526E4ED32B7A41BA00E053EE /* SessionManager.swift */,
				52B989482B7E381900DA824B /* NotificationManager.swift */,
				526EDF692B83355D0015A8BB /* DownloadManager.swift */,
				526EDF6E2B835DE30015A8BB /* DownloadImages.swift */,
				52722CDB2B838B0F001562B4 /* UserManager.swift */,
				5250A20A2B83C4F800D6ED16 /* keyChainManager.swift */,
			);
			path = Manager;
			sourceTree = "<group>";
		};
		526E4EBF2B7A0D1300E053EE /* Extensions */ = {
			isa = PBXGroup;
			children = (
				526E4EC02B7A0D2500E053EE /* DynamicFontExtension.swift */,
				526EDF652B832A3A0015A8BB /* UIViewExtension.swift */,
			);
			path = Extensions;
			sourceTree = "<group>";
		};
		526E4EC62B7A2D9700E053EE /* Shared */ = {
			isa = PBXGroup;
			children = (
			);
			path = Shared;
			sourceTree = "<group>";
		};
		526EDF602B8328940015A8BB /* ChangePassword */ = {
			isa = PBXGroup;
			children = (
				526EDF612B8328A90015A8BB /* ChangePasswordView.swift */,
				526EDF632B8328B60015A8BB /* ChangePasswordVC.swift */,
			);
			path = ChangePassword;
			sourceTree = "<group>";
		};
		52722CD82B83862B001562B4 /* Frameworks */ = {
			isa = PBXGroup;
			children = (
			);
			name = Frameworks;
			sourceTree = "<group>";
		};
		5281A0F62B73EEF0005B42F2 /* Auth */ = {
			isa = PBXGroup;
			children = (
				5281A0F82B73F04A005B42F2 /* SignUp */,
				5281A0F72B73F043005B42F2 /* SignIn */,
			);
			path = Auth;
			sourceTree = "<group>";
		};
		5281A0F72B73F043005B42F2 /* SignIn */ = {
			isa = PBXGroup;
			children = (
				5281A0FA2B73F06A005B42F2 /* SignInView.swift */,
				5281A0FC2B73F075005B42F2 /* SignInVC.swift */,
			);
			path = SignIn;
			sourceTree = "<group>";
		};
		5281A0F82B73F04A005B42F2 /* SignUp */ = {
			isa = PBXGroup;
			children = (
				5281A0FE2B73F0AC005B42F2 /* SignUpVC.swift */,
				5281A1002B73F0B8005B42F2 /* SignUpView.swift */,
			);
			path = SignUp;
			sourceTree = "<group>";
		};
		5281A1072B74B18E005B42F2 /* CustomComponents */ = {
			isa = PBXGroup;
			children = (
				526E4EBF2B7A0D1300E053EE /* Extensions */,
				52B9893E2B7E2D2C00DA824B /* customTextField.swift */,
				52B989402B7E302600DA824B /* customAngledButton.swift */,
				52B989422B7E312900DA824B /* customCircularButton.swift */,
				52B989442B7E344D00DA824B /* customIconButton.swift */,
				52B989462B7E356900DA824B /* customLabel.swift */,
				521ACC162B7EA80200941225 /* customImageView.swift */,
			);
			path = CustomComponents;
			sourceTree = "<group>";
		};
		5281A10C2B74E514005B42F2 /* LessonList */ = {
			isa = PBXGroup;
			children = (
				5281A11D2B74EFF8005B42F2 /* model */,
				5281A10F2B74E67F005B42F2 /* LessonListVC.swift */,
				5281A1112B74E69A005B42F2 /* LessonListView.swift */,
				5281A11B2B74EF6E005B42F2 /* TableViewCell.swift */,
			);
			path = LessonList;
			sourceTree = "<group>";
		};
		5281A10D2B74E525005B42F2 /* GradeEntry */ = {
			isa = PBXGroup;
			children = (
				5281A1132B74E6A5005B42F2 /* GradeEntryView.swift */,
				5281A1152B74E6B3005B42F2 /* GradeEntryVC.swift */,
			);
			path = GradeEntry;
			sourceTree = "<group>";
		};
		5281A10E2B74E530005B42F2 /* Settings */ = {
			isa = PBXGroup;
			children = (
				5281A1172B74E6C0005B42F2 /* SettingsVC.swift */,
				5281A1192B74E6CE005B42F2 /* SettingsView.swift */,
			);
			path = Settings;
			sourceTree = "<group>";
		};
		5281A11D2B74EFF8005B42F2 /* model */ = {
			isa = PBXGroup;
			children = (
			);
			path = model;
			sourceTree = "<group>";
		};
		52B989222B7E083300DA824B /* Models */ = {
			isa = PBXGroup;
			children = (
				52B989232B7E084400DA824B /* User.swift */,
				52B9893A2B7E0D0C00DA824B /* Lesson.swift */,
			);
			path = Models;
			sourceTree = "<group>";
		};
		52B989252B7E08D100DA824B /* CoreDataHelpers */ = {
			isa = PBXGroup;
			children = (
			);
			path = CoreDataHelpers;
			sourceTree = "<group>";
		};
		AFC3EE3D0BBA305822941E72 /* Pods */ = {
			isa = PBXGroup;
			children = (
			);
			path = Pods;
			sourceTree = "<group>";
		};
/* End PBXGroup section */

/* Begin PBXNativeTarget section */
		5256AFC92B73A240007F6E0C /* RegisterLesson */ = {
			isa = PBXNativeTarget;
			buildConfigurationList = 5256AFE12B73A241007F6E0C /* Build configuration list for PBXNativeTarget "RegisterLesson" */;
			buildPhases = (
				5256AFC62B73A240007F6E0C /* Sources */,
				5256AFC72B73A240007F6E0C /* Frameworks */,
				5256AFC82B73A240007F6E0C /* Resources */,
			);
			buildRules = (
			);
			dependencies = (
			);
			name = RegisterLesson;
			packageProductDependencies = (
				52722CC82B8385DD001562B4 /* Kingfisher */,
				52722CCB2B8385EB001562B4 /* Alamofire */,
				52722CCE2B838617001562B4 /* FirebaseAnalytics */,
				52722CD92B83862B001562B4 /* FirebaseMessaging */,
			);
			productName = RegisterLesson;
			productReference = 5256AFCA2B73A240007F6E0C /* RegisterLesson.app */;
			productType = "com.apple.product-type.application";
		};
/* End PBXNativeTarget section */

/* Begin PBXProject section */
		5256AFC22B73A240007F6E0C /* Project object */ = {
			isa = PBXProject;
			attributes = {
				BuildIndependentTargetsInParallel = 1;
				LastSwiftUpdateCheck = 1520;
				LastUpgradeCheck = 1520;
				TargetAttributes = {
					5256AFC92B73A240007F6E0C = {
						CreatedOnToolsVersion = 15.2;
					};
				};
			};
			buildConfigurationList = 5256AFC52B73A240007F6E0C /* Build configuration list for PBXProject "RegisterLesson" */;
			compatibilityVersion = "Xcode 14.0";
			developmentRegion = en;
			hasScannedForEncodings = 0;
			knownRegions = (
				en,
				Base,
			);
			mainGroup = 5256AFC12B73A240007F6E0C;
			packageReferences = (
				52722CC72B8385DD001562B4 /* XCRemoteSwiftPackageReference "Kingfisher" */,
				52722CCA2B8385EB001562B4 /* XCRemoteSwiftPackageReference "Alamofire" */,
				52722CCD2B838617001562B4 /* XCRemoteSwiftPackageReference "firebase-ios-sdk" */,
			);
			productRefGroup = 5256AFCB2B73A240007F6E0C /* Products */;
			projectDirPath = "";
			projectRoot = "";
			targets = (
				5256AFC92B73A240007F6E0C /* RegisterLesson */,
			);
		};
/* End PBXProject section */

/* Begin PBXResourcesBuildPhase section */
		5256AFC82B73A240007F6E0C /* Resources */ = {
			isa = PBXResourcesBuildPhase;
			buildActionMask = 2147483647;
			files = (
				5256AFDA2B73A241007F6E0C /* Assets.xcassets in Resources */,
				52DB604B2B7B8B8200216375 /* GoogleService-Info.plist in Resources */,
				521ACC072B7E99B400941225 /* Resources in Resources */,
			);
			runOnlyForDeploymentPostprocessing = 0;
		};
/* End PBXResourcesBuildPhase section */

/* Begin PBXSourcesBuildPhase section */
		5256AFC62B73A240007F6E0C /* Sources */ = {
			isa = PBXSourcesBuildPhase;
			buildActionMask = 2147483647;
			files = (
				5281A1182B74E6C0005B42F2 /* SettingsVC.swift in Sources */,
				5281A1102B74E67F005B42F2 /* LessonListVC.swift in Sources */,
				525785D62B7F3C0900BE55BB /* AvatarPaths.swift in Sources */,
				521ACC152B7EA59B00941225 /* Lesson+CoreDataProperties.swift in Sources */,
				5281A11A2B74E6CE005B42F2 /* SettingsView.swift in Sources */,
				5281A0FB2B73F06A005B42F2 /* SignInView.swift in Sources */,
				5281A0FD2B73F075005B42F2 /* SignInVC.swift in Sources */,
				526EDF642B8328B60015A8BB /* ChangePasswordVC.swift in Sources */,
				526EDF622B8328A90015A8BB /* ChangePasswordView.swift in Sources */,
				5256AFCE2B73A240007F6E0C /* AppDelegate.swift in Sources */,
				52B9893F2B7E2D2C00DA824B /* customTextField.swift in Sources */,
				5256AFF12B73BFD9007F6E0C /* OnboardingVC.swift in Sources */,
				521ACC0C2B7EA1B000941225 /* ProfileVC.swift in Sources */,
				5256AFF32B73BFE6007F6E0C /* OnboardingView.swift in Sources */,
				52B989472B7E356900DA824B /* customLabel.swift in Sources */,
				5250A20B2B83C4F800D6ED16 /* keyChainManager.swift in Sources */,
				52B989452B7E344D00DA824B /* customIconButton.swift in Sources */,
				521ACC172B7EA80200941225 /* customImageView.swift in Sources */,
				526E4ED42B7A41BA00E053EE /* SessionManager.swift in Sources */,
				526EDF662B832A3A0015A8BB /* UIViewExtension.swift in Sources */,
				52DB60532B7BA7CF00216375 /* Model.xcdatamodeld in Sources */,
				5281A1142B74E6A5005B42F2 /* GradeEntryView.swift in Sources */,
				5281A11C2B74EF6E005B42F2 /* TableViewCell.swift in Sources */,
				5281A1122B74E69A005B42F2 /* LessonListView.swift in Sources */,
				5281A1012B73F0B8005B42F2 /* SignUpView.swift in Sources */,
				52B989432B7E312900DA824B /* customCircularButton.swift in Sources */,
				525785DF2B7F43FB00BE55BB /* AvatarNames.swift in Sources */,
				5281A1162B74E6B3005B42F2 /* GradeEntryVC.swift in Sources */,
				525785DD2B7F42BB00BE55BB /* SelectImageCell.swift in Sources */,
				52B989492B7E381900DA824B /* NotificationManager.swift in Sources */,
				52B9893B2B7E0D0C00DA824B /* Lesson.swift in Sources */,
				52722CDC2B838B0F001562B4 /* UserManager.swift in Sources */,
				52B989242B7E084400DA824B /* User.swift in Sources */,
				521ACC0A2B7EA1A100941225 /* ProfileView.swift in Sources */,
				526EDF6F2B835DE30015A8BB /* DownloadImages.swift in Sources */,
				52B989412B7E302600DA824B /* customAngledButton.swift in Sources */,
				525785DA2B7F3FE500BE55BB /* SelectImageVC.swift in Sources */,
				526E4EBE2B7A082F00E053EE /* DBManager.swift in Sources */,
				526E4EC12B7A0D2500E053EE /* DynamicFontExtension.swift in Sources */,
				526EDF6A2B83355D0015A8BB /* DownloadManager.swift in Sources */,
				525785D82B7F3F7700BE55BB /* SelectImageView.swift in Sources */,
				52B9891F2B7DF7C000DA824B /* Model-v1-to-v2.xcmappingmodel in Sources */,
				521ACC132B7EA59B00941225 /* User+CoreDataProperties.swift in Sources */,
				5281A0FF2B73F0AC005B42F2 /* SignUpVC.swift in Sources */,
				5256AFED2B73A5DE007F6E0C /* ConstantFonts.swift in Sources */,
				5281A10B2B74E507005B42F2 /* TabBar.swift in Sources */,
			);
			runOnlyForDeploymentPostprocessing = 0;
		};
/* End PBXSourcesBuildPhase section */

/* Begin XCBuildConfiguration section */
		5256AFDF2B73A241007F6E0C /* Debug */ = {
			isa = XCBuildConfiguration;
			buildSettings = {
				ALWAYS_SEARCH_USER_PATHS = NO;
				ASSETCATALOG_COMPILER_GENERATE_SWIFT_ASSET_SYMBOL_EXTENSIONS = YES;
				CLANG_ANALYZER_NONNULL = YES;
				CLANG_ANALYZER_NUMBER_OBJECT_CONVERSION = YES_AGGRESSIVE;
				CLANG_CXX_LANGUAGE_STANDARD = "gnu++20";
				CLANG_ENABLE_MODULES = YES;
				CLANG_ENABLE_OBJC_ARC = YES;
				CLANG_ENABLE_OBJC_WEAK = YES;
				CLANG_WARN_BLOCK_CAPTURE_AUTORELEASING = YES;
				CLANG_WARN_BOOL_CONVERSION = YES;
				CLANG_WARN_COMMA = YES;
				CLANG_WARN_CONSTANT_CONVERSION = YES;
				CLANG_WARN_DEPRECATED_OBJC_IMPLEMENTATIONS = YES;
				CLANG_WARN_DIRECT_OBJC_ISA_USAGE = YES_ERROR;
				CLANG_WARN_DOCUMENTATION_COMMENTS = YES;
				CLANG_WARN_EMPTY_BODY = YES;
				CLANG_WARN_ENUM_CONVERSION = YES;
				CLANG_WARN_INFINITE_RECURSION = YES;
				CLANG_WARN_INT_CONVERSION = YES;
				CLANG_WARN_NON_LITERAL_NULL_CONVERSION = YES;
				CLANG_WARN_OBJC_IMPLICIT_RETAIN_SELF = YES;
				CLANG_WARN_OBJC_LITERAL_CONVERSION = YES;
				CLANG_WARN_OBJC_ROOT_CLASS = YES_ERROR;
				CLANG_WARN_QUOTED_INCLUDE_IN_FRAMEWORK_HEADER = YES;
				CLANG_WARN_RANGE_LOOP_ANALYSIS = YES;
				CLANG_WARN_STRICT_PROTOTYPES = YES;
				CLANG_WARN_SUSPICIOUS_MOVE = YES;
				CLANG_WARN_UNGUARDED_AVAILABILITY = YES_AGGRESSIVE;
				CLANG_WARN_UNREACHABLE_CODE = YES;
				CLANG_WARN__DUPLICATE_METHOD_MATCH = YES;
				COPY_PHASE_STRIP = NO;
				DEBUG_INFORMATION_FORMAT = dwarf;
				ENABLE_STRICT_OBJC_MSGSEND = YES;
				ENABLE_TESTABILITY = YES;
				ENABLE_USER_SCRIPT_SANDBOXING = YES;
				GCC_C_LANGUAGE_STANDARD = gnu17;
				GCC_DYNAMIC_NO_PIC = NO;
				GCC_NO_COMMON_BLOCKS = YES;
				GCC_OPTIMIZATION_LEVEL = 0;
				GCC_PREPROCESSOR_DEFINITIONS = (
					"DEBUG=1",
					"$(inherited)",
				);
				GCC_WARN_64_TO_32_BIT_CONVERSION = YES;
				GCC_WARN_ABOUT_RETURN_TYPE = YES_ERROR;
				GCC_WARN_UNDECLARED_SELECTOR = YES;
				GCC_WARN_UNINITIALIZED_AUTOS = YES_AGGRESSIVE;
				GCC_WARN_UNUSED_FUNCTION = YES;
				GCC_WARN_UNUSED_VARIABLE = YES;
				IPHONEOS_DEPLOYMENT_TARGET = 17.2;
				LOCALIZATION_PREFERS_STRING_CATALOGS = YES;
				MTL_ENABLE_DEBUG_INFO = INCLUDE_SOURCE;
				MTL_FAST_MATH = YES;
				ONLY_ACTIVE_ARCH = YES;
				SDKROOT = iphoneos;
				SWIFT_ACTIVE_COMPILATION_CONDITIONS = "DEBUG $(inherited)";
				SWIFT_OPTIMIZATION_LEVEL = "-Onone";
			};
			name = Debug;
		};
		5256AFE02B73A241007F6E0C /* Release */ = {
			isa = XCBuildConfiguration;
			buildSettings = {
				ALWAYS_SEARCH_USER_PATHS = NO;
				ASSETCATALOG_COMPILER_GENERATE_SWIFT_ASSET_SYMBOL_EXTENSIONS = YES;
				CLANG_ANALYZER_NONNULL = YES;
				CLANG_ANALYZER_NUMBER_OBJECT_CONVERSION = YES_AGGRESSIVE;
				CLANG_CXX_LANGUAGE_STANDARD = "gnu++20";
				CLANG_ENABLE_MODULES = YES;
				CLANG_ENABLE_OBJC_ARC = YES;
				CLANG_ENABLE_OBJC_WEAK = YES;
				CLANG_WARN_BLOCK_CAPTURE_AUTORELEASING = YES;
				CLANG_WARN_BOOL_CONVERSION = YES;
				CLANG_WARN_COMMA = YES;
				CLANG_WARN_CONSTANT_CONVERSION = YES;
				CLANG_WARN_DEPRECATED_OBJC_IMPLEMENTATIONS = YES;
				CLANG_WARN_DIRECT_OBJC_ISA_USAGE = YES_ERROR;
				CLANG_WARN_DOCUMENTATION_COMMENTS = YES;
				CLANG_WARN_EMPTY_BODY = YES;
				CLANG_WARN_ENUM_CONVERSION = YES;
				CLANG_WARN_INFINITE_RECURSION = YES;
				CLANG_WARN_INT_CONVERSION = YES;
				CLANG_WARN_NON_LITERAL_NULL_CONVERSION = YES;
				CLANG_WARN_OBJC_IMPLICIT_RETAIN_SELF = YES;
				CLANG_WARN_OBJC_LITERAL_CONVERSION = YES;
				CLANG_WARN_OBJC_ROOT_CLASS = YES_ERROR;
				CLANG_WARN_QUOTED_INCLUDE_IN_FRAMEWORK_HEADER = YES;
				CLANG_WARN_RANGE_LOOP_ANALYSIS = YES;
				CLANG_WARN_STRICT_PROTOTYPES = YES;
				CLANG_WARN_SUSPICIOUS_MOVE = YES;
				CLANG_WARN_UNGUARDED_AVAILABILITY = YES_AGGRESSIVE;
				CLANG_WARN_UNREACHABLE_CODE = YES;
				CLANG_WARN__DUPLICATE_METHOD_MATCH = YES;
				COPY_PHASE_STRIP = NO;
				DEBUG_INFORMATION_FORMAT = "dwarf-with-dsym";
				ENABLE_NS_ASSERTIONS = NO;
				ENABLE_STRICT_OBJC_MSGSEND = YES;
				ENABLE_USER_SCRIPT_SANDBOXING = YES;
				GCC_C_LANGUAGE_STANDARD = gnu17;
				GCC_NO_COMMON_BLOCKS = YES;
				GCC_WARN_64_TO_32_BIT_CONVERSION = YES;
				GCC_WARN_ABOUT_RETURN_TYPE = YES_ERROR;
				GCC_WARN_UNDECLARED_SELECTOR = YES;
				GCC_WARN_UNINITIALIZED_AUTOS = YES_AGGRESSIVE;
				GCC_WARN_UNUSED_FUNCTION = YES;
				GCC_WARN_UNUSED_VARIABLE = YES;
				IPHONEOS_DEPLOYMENT_TARGET = 17.2;
				LOCALIZATION_PREFERS_STRING_CATALOGS = YES;
				MTL_ENABLE_DEBUG_INFO = NO;
				MTL_FAST_MATH = YES;
				SDKROOT = iphoneos;
				SWIFT_COMPILATION_MODE = wholemodule;
				VALIDATE_PRODUCT = YES;
			};
			name = Release;
		};
		5256AFE22B73A241007F6E0C /* Debug */ = {
			isa = XCBuildConfiguration;
			buildSettings = {
				ASSETCATALOG_COMPILER_APPICON_NAME = AppIcon;
				ASSETCATALOG_COMPILER_GLOBAL_ACCENT_COLOR_NAME = AccentColor;
				CODE_SIGN_ENTITLEMENTS = RegisterLesson/RegisterLesson.entitlements;
				CODE_SIGN_STYLE = Automatic;
				CURRENT_PROJECT_VERSION = 1;
				DEVELOPMENT_TEAM = 2758CUH3C2;
				GENERATE_INFOPLIST_FILE = YES;
				INFOPLIST_FILE = RegisterLesson/Info.plist;
				INFOPLIST_KEY_LSApplicationCategoryType = FirebaseAppDelegateProxyEnabled;
				INFOPLIST_KEY_UIApplicationSupportsIndirectInputEvents = YES;
				INFOPLIST_KEY_UILaunchStoryboardName = LaunchScreen;
				INFOPLIST_KEY_UISupportedInterfaceOrientations_iPad = "UIInterfaceOrientationPortrait UIInterfaceOrientationPortraitUpsideDown UIInterfaceOrientationLandscapeLeft UIInterfaceOrientationLandscapeRight";
				INFOPLIST_KEY_UISupportedInterfaceOrientations_iPhone = "UIInterfaceOrientationPortrait UIInterfaceOrientationLandscapeLeft UIInterfaceOrientationLandscapeRight";
				LD_RUNPATH_SEARCH_PATHS = (
					"$(inherited)",
					"@executable_path/Frameworks",
				);
				MARKETING_VERSION = 1.0;
				PRODUCT_BUNDLE_IDENTIFIER = com.ulasozturk.RegisterLesson;
				PRODUCT_NAME = "$(TARGET_NAME)";
				SWIFT_EMIT_LOC_STRINGS = YES;
				SWIFT_VERSION = 5.0;
				TARGETED_DEVICE_FAMILY = "1,2";
			};
			name = Debug;
		};
		5256AFE32B73A241007F6E0C /* Release */ = {
			isa = XCBuildConfiguration;
			buildSettings = {
				ASSETCATALOG_COMPILER_APPICON_NAME = AppIcon;
				ASSETCATALOG_COMPILER_GLOBAL_ACCENT_COLOR_NAME = AccentColor;
				CODE_SIGN_ENTITLEMENTS = RegisterLesson/RegisterLesson.entitlements;
				CODE_SIGN_STYLE = Automatic;
				CURRENT_PROJECT_VERSION = 1;
				DEVELOPMENT_TEAM = 2758CUH3C2;
				GENERATE_INFOPLIST_FILE = YES;
				INFOPLIST_FILE = RegisterLesson/Info.plist;
				INFOPLIST_KEY_LSApplicationCategoryType = FirebaseAppDelegateProxyEnabled;
				INFOPLIST_KEY_UIApplicationSupportsIndirectInputEvents = YES;
				INFOPLIST_KEY_UILaunchStoryboardName = LaunchScreen;
				INFOPLIST_KEY_UISupportedInterfaceOrientations_iPad = "UIInterfaceOrientationPortrait UIInterfaceOrientationPortraitUpsideDown UIInterfaceOrientationLandscapeLeft UIInterfaceOrientationLandscapeRight";
				INFOPLIST_KEY_UISupportedInterfaceOrientations_iPhone = "UIInterfaceOrientationPortrait UIInterfaceOrientationLandscapeLeft UIInterfaceOrientationLandscapeRight";
				LD_RUNPATH_SEARCH_PATHS = (
					"$(inherited)",
					"@executable_path/Frameworks",
				);
				MARKETING_VERSION = 1.0;
				PRODUCT_BUNDLE_IDENTIFIER = com.ulasozturk.RegisterLesson;
				PRODUCT_NAME = "$(TARGET_NAME)";
				SWIFT_EMIT_LOC_STRINGS = YES;
				SWIFT_VERSION = 5.0;
				TARGETED_DEVICE_FAMILY = "1,2";
			};
			name = Release;
		};
/* End XCBuildConfiguration section */

/* Begin XCConfigurationList section */
		5256AFC52B73A240007F6E0C /* Build configuration list for PBXProject "RegisterLesson" */ = {
			isa = XCConfigurationList;
			buildConfigurations = (
				5256AFDF2B73A241007F6E0C /* Debug */,
				5256AFE02B73A241007F6E0C /* Release */,
			);
			defaultConfigurationIsVisible = 0;
			defaultConfigurationName = Release;
		};
		5256AFE12B73A241007F6E0C /* Build configuration list for PBXNativeTarget "RegisterLesson" */ = {
			isa = XCConfigurationList;
			buildConfigurations = (
				5256AFE22B73A241007F6E0C /* Debug */,
				5256AFE32B73A241007F6E0C /* Release */,
			);
			defaultConfigurationIsVisible = 0;
			defaultConfigurationName = Release;
		};
/* End XCConfigurationList section */

/* Begin XCRemoteSwiftPackageReference section */
		52722CC72B8385DD001562B4 /* XCRemoteSwiftPackageReference "Kingfisher" */ = {
			isa = XCRemoteSwiftPackageReference;
			repositoryURL = "https://github.com/onevcat/Kingfisher.git";
			requirement = {
				kind = upToNextMajorVersion;
				minimumVersion = 7.11.0;
			};
		};
		52722CCA2B8385EB001562B4 /* XCRemoteSwiftPackageReference "Alamofire" */ = {
			isa = XCRemoteSwiftPackageReference;
			repositoryURL = "https://github.com/Alamofire/Alamofire.git";
			requirement = {
				kind = upToNextMajorVersion;
				minimumVersion = 5.8.1;
			};
		};
		52722CCD2B838617001562B4 /* XCRemoteSwiftPackageReference "firebase-ios-sdk" */ = {
			isa = XCRemoteSwiftPackageReference;
			repositoryURL = "https://github.com/firebase/firebase-ios-sdk";
			requirement = {
				kind = upToNextMajorVersion;
				minimumVersion = 10.21.0;
			};
		};
/* End XCRemoteSwiftPackageReference section */

/* Begin XCSwiftPackageProductDependency section */
		52722CC82B8385DD001562B4 /* Kingfisher */ = {
			isa = XCSwiftPackageProductDependency;
			package = 52722CC72B8385DD001562B4 /* XCRemoteSwiftPackageReference "Kingfisher" */;
			productName = Kingfisher;
		};
		52722CCB2B8385EB001562B4 /* Alamofire */ = {
			isa = XCSwiftPackageProductDependency;
			package = 52722CCA2B8385EB001562B4 /* XCRemoteSwiftPackageReference "Alamofire" */;
			productName = Alamofire;
		};
		52722CCE2B838617001562B4 /* FirebaseAnalytics */ = {
			isa = XCSwiftPackageProductDependency;
			package = 52722CCD2B838617001562B4 /* XCRemoteSwiftPackageReference "firebase-ios-sdk" */;
			productName = FirebaseAnalytics;
		};
		52722CD92B83862B001562B4 /* FirebaseMessaging */ = {
			isa = XCSwiftPackageProductDependency;
			package = 52722CCD2B838617001562B4 /* XCRemoteSwiftPackageReference "firebase-ios-sdk" */;
			productName = FirebaseMessaging;
		};
/* End XCSwiftPackageProductDependency section */

/* Begin XCVersionGroup section */
		52DB60512B7BA7CF00216375 /* Model.xcdatamodeld */ = {
			isa = XCVersionGroup;
			children = (
				521ACC0D2B7EA55F00941225 /* Model 3.xcdatamodel */,
				52B9891D2B7DF0BA00DA824B /* Model 2.xcdatamodel */,
				52DB60522B7BA7CF00216375 /* Model.xcdatamodel */,
			);
			currentVersion = 521ACC0D2B7EA55F00941225 /* Model 3.xcdatamodel */;
			path = Model.xcdatamodeld;
			sourceTree = "<group>";
			versionGroupType = wrapper.xcdatamodel;
		};
/* End XCVersionGroup section */
	};
	rootObject = 5256AFC22B73A240007F6E0C /* Project object */;
}
